
Microsoft Visual Studio Solution File, Format Version 12.00
# Visual Studio 15
VisualStudioVersion = 15.0.28307.271
MinimumVisualStudioVersion = 10.0.40219.1
Project("{FAE04EC0-301F-11D3-BF4B-00C04F79EFBC}") = "asp-net-mvc", "asp-net-mvc\asp-net-mvc.csproj", "{A8E39E5D-6FA1-4441-BE39-3F9AE5A59449}"
EndProject
Project("{FAE04EC0-301F-11D3-BF4B-00C04F79EFBC}") = "asp-net-mvc-tests", "asp-net-mvc-tests\asp-net-mvc-tests.csproj", "{0429390A-31C4-4462-8DEF-3FCD2F0318F7}"
EndProject
Global
	GlobalSection(SolutionConfigurationPlatforms) = preSolution
		Debug|Any CPU = Debug|Any CPU
		Release|Any CPU = Release|Any CPU
	EndGlobalSection
	GlobalSection(ProjectConfigurationPlatforms) = postSolution
		{A8E39E5D-6FA1-4441-BE39-3F9AE5A59449}.Debug|Any CPU.ActiveCfg = Debug|Any CPU
		{A8E39E5D-6FA1-4441-BE39-3F9AE5A59449}.Debug|Any CPU.Build.0 = Debug|Any CPU
		{A8E39E5D-6FA1-4441-BE39-3F9AE5A59449}.Release|Any CPU.ActiveCfg = Release|Any CPU
		{A8E39E5D-6FA1-4441-BE39-3F9AE5A59449}.Release|Any CPU.Build.0 = Release|Any CPU
		{0429390A-31C4-4462-8DEF-3FCD2F0318F7}.Debug|Any CPU.ActiveCfg = Debug|Any CPU
		{0429390A-31C4-4462-8DEF-3FCD2F0318F7}.Debug|Any CPU.Build.0 = Debug|Any CPU
		{0429390A-31C4-4462-8DEF-3FCD2F0318F7}.Release|Any CPU.ActiveCfg = Release|Any CPU
		{0429390A-31C4-4462-8DEF-3FCD2F0318F7}.Release|Any CPU.Build.0 = Release|Any CPU
	EndGlobalSection
	GlobalSection(SolutionProperties) = preSolution
		HideSolutionNode = FALSE
	EndGlobalSection
	GlobalSection(ExtensibilityGlobals) = postSolution
		SolutionGuid = {8603535A-B65D-4028-A9B8-6ED41810288E}
	EndGlobalSection
EndGlobal
